// !$*UTF8*$!
{
	archiveVersion = 1;
	classes = {
	};
	objectVersion = 46;
	objects = {

/* Begin PBXBuildFile section */
		587B70091DA9295E001AE318 /* road.png in Resources */ = {isa = PBXBuildFile; fileRef = 587B70081DA9295E001AE318 /* road.png */; };
		587B700B1DA92DDD001AE318 /* LoginViewController.swift in Sources */ = {isa = PBXBuildFile; fileRef = 587B700A1DA92DDD001AE318 /* LoginViewController.swift */; };
		587B700D1DA941F3001AE318 /* TripsViewController.swift in Sources */ = {isa = PBXBuildFile; fileRef = 587B700C1DA941F3001AE318 /* TripsViewController.swift */; };
		5899F01F1DA94BE20086DBD1 /* AddTripViewController.swift in Sources */ = {isa = PBXBuildFile; fileRef = 5899F01E1DA94BE20086DBD1 /* AddTripViewController.swift */; };
		5899F0231DA9ACA00086DBD1 /* TripsTableViewController.swift in Sources */ = {isa = PBXBuildFile; fileRef = 5899F0221DA9ACA00086DBD1 /* TripsTableViewController.swift */; };
		5899F0361DA9B2650086DBD1 /* ActiveTripTableViewCell.swift in Sources */ = {isa = PBXBuildFile; fileRef = 5899F0351DA9B2650086DBD1 /* ActiveTripTableViewCell.swift */; };
		58F94BED1DA8FA740063669F /* AppDelegate.swift in Sources */ = {isa = PBXBuildFile; fileRef = 58F94BEC1DA8FA740063669F /* AppDelegate.swift */; };
		58F94BF21DA8FA740063669F /* Main.storyboard in Resources */ = {isa = PBXBuildFile; fileRef = 58F94BF01DA8FA740063669F /* Main.storyboard */; };
		58F94BF51DA8FA740063669F /* TripTracker.xcdatamodeld in Sources */ = {isa = PBXBuildFile; fileRef = 58F94BF31DA8FA740063669F /* TripTracker.xcdatamodeld */; };
		58F94BF71DA8FA740063669F /* Assets.xcassets in Resources */ = {isa = PBXBuildFile; fileRef = 58F94BF61DA8FA740063669F /* Assets.xcassets */; };
		58F94BFA1DA8FA740063669F /* LaunchScreen.storyboard in Resources */ = {isa = PBXBuildFile; fileRef = 58F94BF81DA8FA740063669F /* LaunchScreen.storyboard */; };
		58F94C021DA8FB950063669F /* GoogleService-Info.plist in Resources */ = {isa = PBXBuildFile; fileRef = 58F94C011DA8FB950063669F /* GoogleService-Info.plist */; };
/* End PBXBuildFile section */

/* Begin PBXFileReference section */
		587B70081DA9295E001AE318 /* road.png */ = {isa = PBXFileReference; lastKnownFileType = image.png; path = road.png; sourceTree = "<group>"; };
		587B700A1DA92DDD001AE318 /* LoginViewController.swift */ = {isa = PBXFileReference; fileEncoding = 4; lastKnownFileType = sourcecode.swift; path = LoginViewController.swift; sourceTree = "<group>"; };
		587B700C1DA941F3001AE318 /* TripsViewController.swift */ = {isa = PBXFileReference; fileEncoding = 4; lastKnownFileType = sourcecode.swift; path = TripsViewController.swift; sourceTree = "<group>"; };
		5899F01E1DA94BE20086DBD1 /* AddTripViewController.swift */ = {isa = PBXFileReference; fileEncoding = 4; lastKnownFileType = sourcecode.swift; path = AddTripViewController.swift; sourceTree = "<group>"; };
		5899F0221DA9ACA00086DBD1 /* TripsTableViewController.swift */ = {isa = PBXFileReference; fileEncoding = 4; lastKnownFileType = sourcecode.swift; path = TripsTableViewController.swift; sourceTree = "<group>"; };
		5899F0351DA9B2650086DBD1 /* ActiveTripTableViewCell.swift */ = {isa = PBXFileReference; fileEncoding = 4; lastKnownFileType = sourcecode.swift; path = ActiveTripTableViewCell.swift; sourceTree = "<group>"; };
		58F94BE91DA8FA740063669F /* TripTracker.app */ = {isa = PBXFileReference; explicitFileType = wrapper.application; includeInIndex = 0; path = TripTracker.app; sourceTree = BUILT_PRODUCTS_DIR; };
		58F94BEC1DA8FA740063669F /* AppDelegate.swift */ = {isa = PBXFileReference; lastKnownFileType = sourcecode.swift; path = AppDelegate.swift; sourceTree = "<group>"; };
		58F94BF11DA8FA740063669F /* Base */ = {isa = PBXFileReference; lastKnownFileType = file.storyboard; name = Base; path = Base.lproj/Main.storyboard; sourceTree = "<group>"; };
		58F94BF41DA8FA740063669F /* TripTracker.xcdatamodel */ = {isa = PBXFileReference; lastKnownFileType = wrapper.xcdatamodel; path = TripTracker.xcdatamodel; sourceTree = "<group>"; };
		58F94BF61DA8FA740063669F /* Assets.xcassets */ = {isa = PBXFileReference; lastKnownFileType = folder.assetcatalog; path = Assets.xcassets; sourceTree = "<group>"; };
		58F94BF91DA8FA740063669F /* Base */ = {isa = PBXFileReference; lastKnownFileType = file.storyboard; name = Base; path = Base.lproj/LaunchScreen.storyboard; sourceTree = "<group>"; };
		58F94BFB1DA8FA740063669F /* Info.plist */ = {isa = PBXFileReference; lastKnownFileType = text.plist.xml; path = Info.plist; sourceTree = "<group>"; };
		58F94C011DA8FB950063669F /* GoogleService-Info.plist */ = {isa = PBXFileReference; fileEncoding = 4; lastKnownFileType = text.plist.xml; path = "GoogleService-Info.plist"; sourceTree = "<group>"; };
		7E614B01A22F505717B94FBB /* Pods-TripTracker.release.xcconfig */ = {isa = PBXFileReference; includeInIndex = 1; lastKnownFileType = text.xcconfig; name = "Pods-TripTracker.release.xcconfig"; path = "Pods/Target Support Files/Pods-TripTracker/Pods-TripTracker.release.xcconfig"; sourceTree = "<group>"; };
		BBDC3AA5AB2066BB12FD01D5 /* Pods-TripTracker.debug.xcconfig */ = {isa = PBXFileReference; includeInIndex = 1; lastKnownFileType = text.xcconfig; name = "Pods-TripTracker.debug.xcconfig"; path = "Pods/Target Support Files/Pods-TripTracker/Pods-TripTracker.debug.xcconfig"; sourceTree = "<group>"; };
/* End PBXFileReference section */

/* Begin PBXFrameworksBuildPhase section */
		58F94BE61DA8FA730063669F /* Frameworks */ = {
			isa = PBXFrameworksBuildPhase;
			buildActionMask = 2147483647;
			files = (
			);
			runOnlyForDeploymentPostprocessing = 0;
		};
/* End PBXFrameworksBuildPhase section */

/* Begin PBXGroup section */
		587B70021DA91142001AE318 /* Controllers */ = {
			isa = PBXGroup;
			children = (
				587B700C1DA941F3001AE318 /* TripsViewController.swift */,
				5899F01E1DA94BE20086DBD1 /* AddTripViewController.swift */,
				587B700A1DA92DDD001AE318 /* LoginViewController.swift */,
				5899F0221DA9ACA00086DBD1 /* TripsTableViewController.swift */,
			);
			name = Controllers;
			sourceTree = "<group>";
		};
		587B70031DA91160001AE318 /* Supporting Files */ = {
			isa = PBXGroup;
			children = (
				58F94BEC1DA8FA740063669F /* AppDelegate.swift */,
				58F94BFB1DA8FA740063669F /* Info.plist */,
				58F94C011DA8FB950063669F /* GoogleService-Info.plist */,
			);
			name = "Supporting Files";
			sourceTree = "<group>";
		};
		587B70041DA9118D001AE318 /* Layout */ = {
			isa = PBXGroup;
			children = (
				58F94BF01DA8FA740063669F /* Main.storyboard */,
				58F94BF81DA8FA740063669F /* LaunchScreen.storyboard */,
			);
			name = Layout;
			sourceTree = "<group>";
		};
		587B70051DA91E7E001AE318 /* Resources */ = {
			isa = PBXGroup;
			children = (
				587B70081DA9295E001AE318 /* road.png */,
			);
			name = Resources;
			sourceTree = "<group>";
		};
		5899F0281DA9ADC00086DBD1 /* CellStyles */ = {
			isa = PBXGroup;
			children = (
				5899F0351DA9B2650086DBD1 /* ActiveTripTableViewCell.swift */,
			);
			name = CellStyles;
			sourceTree = "<group>";
		};
		58F94BE01DA8FA730063669F = {
			isa = PBXGroup;
			children = (
				58F94BEB1DA8FA740063669F /* TripTracker */,
				58F94BEA1DA8FA740063669F /* Products */,
				B84F7EE42C290F19B937B092 /* Pods */,
				66F263D2900FCCC8178C124A /* Frameworks */,
			);
			sourceTree = "<group>";
		};
		58F94BEA1DA8FA740063669F /* Products */ = {
			isa = PBXGroup;
			children = (
				58F94BE91DA8FA740063669F /* TripTracker.app */,
			);
			name = Products;
			sourceTree = "<group>";
		};
		58F94BEB1DA8FA740063669F /* TripTracker */ = {
			isa = PBXGroup;
			children = (
				5899F0281DA9ADC00086DBD1 /* CellStyles */,
				587B70051DA91E7E001AE318 /* Resources */,
				587B70031DA91160001AE318 /* Supporting Files */,
				587B70021DA91142001AE318 /* Controllers */,
				587B70041DA9118D001AE318 /* Layout */,
				58F94BF61DA8FA740063669F /* Assets.xcassets */,
				58F94BF31DA8FA740063669F /* TripTracker.xcdatamodeld */,
			);
			path = TripTracker;
			sourceTree = "<group>";
		};
		66F263D2900FCCC8178C124A /* Frameworks */ = {
			isa = PBXGroup;
			children = (
			);
			name = Frameworks;
			sourceTree = "<group>";
		};
		B84F7EE42C290F19B937B092 /* Pods */ = {
			isa = PBXGroup;
			children = (
				BBDC3AA5AB2066BB12FD01D5 /* Pods-TripTracker.debug.xcconfig */,
				7E614B01A22F505717B94FBB /* Pods-TripTracker.release.xcconfig */,
			);
			name = Pods;
			sourceTree = "<group>";
		};
/* End PBXGroup section */

/* Begin PBXNativeTarget section */
		58F94BE81DA8FA730063669F /* TripTracker */ = {
			isa = PBXNativeTarget;
			buildConfigurationList = 58F94BFE1DA8FA740063669F /* Build configuration list for PBXNativeTarget "TripTracker" */;
			buildPhases = (
				1D7CFDACFAE50F364074FDDC /* Check Pods Manifest.lock */,
				58F94BE51DA8FA730063669F /* Sources */,
				58F94BE61DA8FA730063669F /* Frameworks */,
				58F94BE71DA8FA730063669F /* Resources */,
				3A37975715DEC3EACB960E05 /* Embed Pods Frameworks */,
				6F32739512AD7B4C5C92DCEC /* Copy Pods Resources */,
			);
			buildRules = (
			);
			dependencies = (
			);
			name = TripTracker;
			productName = TripTracker;
			productReference = 58F94BE91DA8FA740063669F /* TripTracker.app */;
			productType = "com.apple.product-type.application";
		};
/* End PBXNativeTarget section */

/* Begin PBXProject section */
		58F94BE11DA8FA730063669F /* Project object */ = {
			isa = PBXProject;
			attributes = {
				LastSwiftUpdateCheck = 0800;
				LastUpgradeCheck = 0800;
				ORGANIZATIONNAME = "Stanislav Gutev";
				TargetAttributes = {
					58F94BE81DA8FA730063669F = {
						CreatedOnToolsVersion = 8.0;
						DevelopmentTeam = HMB8H7T95S;
						ProvisioningStyle = Automatic;
					};
				};
			};
			buildConfigurationList = 58F94BE41DA8FA730063669F /* Build configuration list for PBXProject "TripTracker" */;
			compatibilityVersion = "Xcode 3.2";
			developmentRegion = English;
			hasScannedForEncodings = 0;
			knownRegions = (
				en,
				Base,
			);
			mainGroup = 58F94BE01DA8FA730063669F;
			productRefGroup = 58F94BEA1DA8FA740063669F /* Products */;
			projectDirPath = "";
			projectRoot = "";
			targets = (
				58F94BE81DA8FA730063669F /* TripTracker */,
			);
		};
/* End PBXProject section */

/* Begin PBXResourcesBuildPhase section */
		58F94BE71DA8FA730063669F /* Resources */ = {
			isa = PBXResourcesBuildPhase;
			buildActionMask = 2147483647;
			files = (
				587B70091DA9295E001AE318 /* road.png in Resources */,
				58F94BFA1DA8FA740063669F /* LaunchScreen.storyboard in Resources */,
				58F94C021DA8FB950063669F /* GoogleService-Info.plist in Resources */,
				58F94BF71DA8FA740063669F /* Assets.xcassets in Resources */,
				58F94BF21DA8FA740063669F /* Main.storyboard in Resources */,
			);
			runOnlyForDeploymentPostprocessing = 0;
		};
/* End PBXResourcesBuildPhase section */

/* Begin PBXShellScriptBuildPhase section */
		1D7CFDACFAE50F364074FDDC /* Check Pods Manifest.lock */ = {
			isa = PBXShellScriptBuildPhase;
			buildActionMask = 2147483647;
			files = (
			);
			inputPaths = (
			);
			name = "Check Pods Manifest.lock";
			outputPaths = (
			);
			runOnlyForDeploymentPostprocessing = 0;
			shellPath = /bin/sh;
			shellScript = "diff \"${PODS_ROOT}/../Podfile.lock\" \"${PODS_ROOT}/Manifest.lock\" > /dev/null\nif [[ $? != 0 ]] ; then\n    cat << EOM\nerror: The sandbox is not in sync with the Podfile.lock. Run 'pod install' or update your CocoaPods installation.\nEOM\n    exit 1\nfi\n";
			showEnvVarsInLog = 0;
		};
		3A37975715DEC3EACB960E05 /* Embed Pods Frameworks */ = {
			isa = PBXShellScriptBuildPhase;
			buildActionMask = 2147483647;
			files = (
			);
			inputPaths = (
			);
			name = "Embed Pods Frameworks";
			outputPaths = (
			);
			runOnlyForDeploymentPostprocessing = 0;
			shellPath = /bin/sh;
			shellScript = "\"${SRCROOT}/Pods/Target Support Files/Pods-TripTracker/Pods-TripTracker-frameworks.sh\"\n";
			showEnvVarsInLog = 0;
		};
		6F32739512AD7B4C5C92DCEC /* Copy Pods Resources */ = {
			isa = PBXShellScriptBuildPhase;
			buildActionMask = 2147483647;
			files = (
			);
			inputPaths = (
			);
			name = "Copy Pods Resources";
			outputPaths = (
			);
			runOnlyForDeploymentPostprocessing = 0;
			shellPath = /bin/sh;
			shellScript = "\"${SRCROOT}/Pods/Target Support Files/Pods-TripTracker/Pods-TripTracker-resources.sh\"\n";
			showEnvVarsInLog = 0;
		};
/* End PBXShellScriptBuildPhase section */

/* Begin PBXSourcesBuildPhase section */
		58F94BE51DA8FA730063669F /* Sources */ = {
			isa = PBXSourcesBuildPhase;
			buildActionMask = 2147483647;
			files = (
				5899F0231DA9ACA00086DBD1 /* TripsTableViewController.swift in Sources */,
				5899F01F1DA94BE20086DBD1 /* AddTripViewController.swift in Sources */,
				5899F0361DA9B2650086DBD1 /* ActiveTripTableViewCell.swift in Sources */,
				587B700B1DA92DDD001AE318 /* LoginViewController.swift in Sources */,
				587B700D1DA941F3001AE318 /* TripsViewController.swift in Sources */,
				58F94BF51DA8FA740063669F /* TripTracker.xcdatamodeld in Sources */,
				58F94BED1DA8FA740063669F /* AppDelegate.swift in Sources */,
			);
			runOnlyForDeploymentPostprocessing = 0;
		};
/* End PBXSourcesBuildPhase section */

/* Begin PBXVariantGroup section */
		58F94BF01DA8FA740063669F /* Main.storyboard */ = {
			isa = PBXVariantGroup;
			children = (
				58F94BF11DA8FA740063669F /* Base */,
			);
			name = Main.storyboard;
			sourceTree = "<group>";
		};
		58F94BF81DA8FA740063669F /* LaunchScreen.storyboard */ = {
			isa = PBXVariantGroup;
			children = (
				58F94BF91DA8FA740063669F /* Base */,
			);
			name = LaunchScreen.storyboard;
			sourceTree = "<group>";
		};
/* End PBXVariantGroup section */

/* Begin XCBuildConfiguration section */
		58F94BFC1DA8FA740063669F /* Debug */ = {
			isa = XCBuildConfiguration;
			buildSettings = {
				ALWAYS_SEARCH_USER_PATHS = NO;
				CLANG_ANALYZER_NONNULL = YES;
				CLANG_CXX_LANGUAGE_STANDARD = "gnu++0x";
				CLANG_CXX_LIBRARY = "libc++";
				CLANG_ENABLE_MODULES = YES;
				CLANG_ENABLE_OBJC_ARC = YES;
				CLANG_WARN_BOOL_CONVERSION = YES;
				CLANG_WARN_CONSTANT_CONVERSION = YES;
				CLANG_WARN_DIRECT_OBJC_ISA_USAGE = YES_ERROR;
				CLANG_WARN_DOCUMENTATION_COMMENTS = YES;
				CLANG_WARN_EMPTY_BODY = YES;
				CLANG_WARN_ENUM_CONVERSION = YES;
				CLANG_WARN_INFINITE_RECURSION = YES;
				CLANG_WARN_INT_CONVERSION = YES;
				CLANG_WARN_OBJC_ROOT_CLASS = YES_ERROR;
				CLANG_WARN_SUSPICIOUS_MOVES = YES;
				CLANG_WARN_UNREACHABLE_CODE = YES;
				CLANG_WARN__DUPLICATE_METHOD_MATCH = YES;
				"CODE_SIGN_IDENTITY[sdk=iphoneos*]" = "iPhone Developer";
				COPY_PHASE_STRIP = NO;
				DEBUG_INFORMATION_FORMAT = dwarf;
				ENABLE_STRICT_OBJC_MSGSEND = YES;
				ENABLE_TESTABILITY = YES;
				GCC_C_LANGUAGE_STANDARD = gnu99;
				GCC_DYNAMIC_NO_PIC = NO;
				GCC_NO_COMMON_BLOCKS = YES;
				GCC_OPTIMIZATION_LEVEL = 0;
				GCC_PREPROCESSOR_DEFINITIONS = (
					"DEBUG=1",
					"$(inherited)",
				);
				GCC_WARN_64_TO_32_BIT_CONVERSION = YES;
				GCC_WARN_ABOUT_RETURN_TYPE = YES_ERROR;
				GCC_WARN_UNDECLARED_SELECTOR = YES;
				GCC_WARN_UNINITIALIZED_AUTOS = YES_AGGRESSIVE;
				GCC_WARN_UNUSED_FUNCTION = YES;
				GCC_WARN_UNUSED_VARIABLE = YES;
				IPHONEOS_DEPLOYMENT_TARGET = 10.0;
				MTL_ENABLE_DEBUG_INFO = YES;
				ONLY_ACTIVE_ARCH = YES;
				SDKROOT = iphoneos;
				SWIFT_ACTIVE_COMPILATION_CONDITIONS = DEBUG;
				SWIFT_OPTIMIZATION_LEVEL = "-Onone";
				TARGETED_DEVICE_FAMILY = "1,2";
			};
			name = Debug;
		};
		58F94BFD1DA8FA740063669F /* Release */ = {
			isa = XCBuildConfiguration;
			buildSettings = {
				ALWAYS_SEARCH_USER_PATHS = NO;
				CLANG_ANALYZER_NONNULL = YES;
				CLANG_CXX_LANGUAGE_STANDARD = "gnu++0x";
				CLANG_CXX_LIBRARY = "libc++";
				CLANG_ENABLE_MODULES = YES;
				CLANG_ENABLE_OBJC_ARC = YES;
				CLANG_WARN_BOOL_CONVERSION = YES;
				CLANG_WARN_CONSTANT_CONVERSION = YES;
				CLANG_WARN_DIRECT_OBJC_ISA_USAGE = YES_ERROR;
				CLANG_WARN_DOCUMENTATION_COMMENTS = YES;
				CLANG_WARN_EMPTY_BODY = YES;
				CLANG_WARN_ENUM_CONVERSION = YES;
				CLANG_WARN_INFINITE_RECURSION = YES;
				CLANG_WARN_INT_CONVERSION = YES;
				CLANG_WARN_OBJC_ROOT_CLASS = YES_ERROR;
				CLANG_WARN_SUSPICIOUS_MOVES = YES;
				CLANG_WARN_UNREACHABLE_CODE = YES;
				CLANG_WARN__DUPLICATE_METHOD_MATCH = YES;
				"CODE_SIGN_IDENTITY[sdk=iphoneos*]" = "iPhone Developer";
				COPY_PHASE_STRIP = NO;
				DEBUG_INFORMATION_FORMAT = "dwarf-with-dsym";
				ENABLE_NS_ASSERTIONS = NO;
				ENABLE_STRICT_OBJC_MSGSEND = YES;
				GCC_C_LANGUAGE_STANDARD = gnu99;
				GCC_NO_COMMON_BLOCKS = YES;
				GCC_WARN_64_TO_32_BIT_CONVERSION = YES;
				GCC_WARN_ABOUT_RETURN_TYPE = YES_ERROR;
				GCC_WARN_UNDECLARED_SELECTOR = YES;
				GCC_WARN_UNINITIALIZED_AUTOS = YES_AGGRESSIVE;
				GCC_WARN_UNUSED_FUNCTION = YES;
				GCC_WARN_UNUSED_VARIABLE = YES;
				IPHONEOS_DEPLOYMENT_TARGET = 10.0;
				MTL_ENABLE_DEBUG_INFO = NO;
				SDKROOT = iphoneos;
				SWIFT_OPTIMIZATION_LEVEL = "-Owholemodule";
				TARGETED_DEVICE_FAMILY = "1,2";
				VALIDATE_PRODUCT = YES;
			};
			name = Release;
		};
		58F94BFF1DA8FA740063669F /* Debug */ = {
			isa = XCBuildConfiguration;
			baseConfigurationReference = BBDC3AA5AB2066BB12FD01D5 /* Pods-TripTracker.debug.xcconfig */;
			buildSettings = {
				ASSETCATALOG_COMPILER_APPICON_NAME = AppIcon;
				DEVELOPMENT_TEAM = HMB8H7T95S;
				INFOPLIST_FILE = TripTracker/Info.plist;
				LD_RUNPATH_SEARCH_PATHS = "$(inherited) @executable_path/Frameworks";
				PRODUCT_BUNDLE_IDENTIFIER = com.lepookey.TripTracker;
				PRODUCT_NAME = "$(TARGET_NAME)";
				SWIFT_OBJC_BRIDGING_HEADER = "";
				SWIFT_VERSION = 3.0;
			};
			name = Debug;
		};
		58F94C001DA8FA740063669F /* Release */ = {
			isa = XCBuildConfiguration;
			baseConfigurationReference = 7E614B01A22F505717B94FBB /* Pods-TripTracker.release.xcconfig */;
			buildSettings = {
				ASSETCATALOG_COMPILER_APPICON_NAME = AppIcon;
				DEVELOPMENT_TEAM = HMB8H7T95S;
				INFOPLIST_FILE = TripTracker/Info.plist;
				LD_RUNPATH_SEARCH_PATHS = "$(inherited) @executable_path/Frameworks";
				PRODUCT_BUNDLE_IDENTIFIER = com.lepookey.TripTracker;
				PRODUCT_NAME = "$(TARGET_NAME)";
				SWIFT_OBJC_BRIDGING_HEADER = "";
				SWIFT_VERSION = 3.0;
			};
			name = Release;
		};
/* End XCBuildConfiguration section */

/* Begin XCConfigurationList section */
		58F94BE41DA8FA730063669F /* Build configuration list for PBXProject "TripTracker" */ = {
			isa = XCConfigurationList;
			buildConfigurations = (
				58F94BFC1DA8FA740063669F /* Debug */,
				58F94BFD1DA8FA740063669F /* Release */,
			);
			defaultConfigurationIsVisible = 0;
			defaultConfigurationName = Release;
		};
		58F94BFE1DA8FA740063669F /* Build configuration list for PBXNativeTarget "TripTracker" */ = {
			isa = XCConfigurationList;
			buildConfigurations = (
				58F94BFF1DA8FA740063669F /* Debug */,
				58F94C001DA8FA740063669F /* Release */,
			);
			defaultConfigurationIsVisible = 0;
			defaultConfigurationName = Release;
		};
/* End XCConfigurationList section */

/* Begin XCVersionGroup section */
		58F94BF31DA8FA740063669F /* TripTracker.xcdatamodeld */ = {
			isa = XCVersionGroup;
			children = (
				58F94BF41DA8FA740063669F /* TripTracker.xcdatamodel */,
			);
			currentVersion = 58F94BF41DA8FA740063669F /* TripTracker.xcdatamodel */;
			path = TripTracker.xcdatamodeld;
			sourceTree = "<group>";
			versionGroupType = wrapper.xcdatamodel;
		};
/* End XCVersionGroup section */
	};
	rootObject = 58F94BE11DA8FA730063669F /* Project object */;
}
